// !$*UTF8*$!
{
	archiveVersion = 1;
	classes = {
	};
	objectVersion = 48;
	objects = {

/* Begin PBXBuildFile section */
		17852C492130DB8900B1A20F /* AppDelegate.swift in Sources */ = {isa = PBXBuildFile; fileRef = 17852C482130DB8900B1A20F /* AppDelegate.swift */; };
		17852C4B2130DB8900B1A20F /* ViewController.swift in Sources */ = {isa = PBXBuildFile; fileRef = 17852C4A2130DB8900B1A20F /* ViewController.swift */; };
		17852C4E2130DB8900B1A20F /* Main.storyboard in Resources */ = {isa = PBXBuildFile; fileRef = 17852C4C2130DB8900B1A20F /* Main.storyboard */; };
		17852C502130DB8900B1A20F /* Assets.xcassets in Resources */ = {isa = PBXBuildFile; fileRef = 17852C4F2130DB8900B1A20F /* Assets.xcassets */; };
		17852C532130DB8900B1A20F /* LaunchScreen.storyboard in Resources */ = {isa = PBXBuildFile; fileRef = 17852C512130DB8900B1A20F /* LaunchScreen.storyboard */; };
		17852C5E2130DFCA00B1A20F /* SimpleAlert.framework in Frameworks */ = {isa = PBXBuildFile; fileRef = 17852C5F2130DFCA00B1A20F /* SimpleAlert.framework */; };
		17852C622130E00E00B1A20F /* SimpleAlert.framework in CopyFiles */ = {isa = PBXBuildFile; fileRef = 17852C5F2130DFCA00B1A20F /* SimpleAlert.framework */; settings = {ATTRIBUTES = (CodeSignOnCopy, RemoveHeadersOnCopy, ); }; };
/* End PBXBuildFile section */

/* Begin PBXCopyFilesBuildPhase section */
		17852C612130DFFA00B1A20F /* CopyFiles */ = {
			isa = PBXCopyFilesBuildPhase;
			buildActionMask = 2147483647;
			dstPath = "";
			dstSubfolderSpec = 10;
			files = (
				17852C622130E00E00B1A20F /* SimpleAlert.framework in CopyFiles */,
			);
			runOnlyForDeploymentPostprocessing = 0;
		};
/* End PBXCopyFilesBuildPhase section */

/* Begin PBXFileReference section */
		17852C452130DB8900B1A20F /* SimpleAlertExamples.app */ = {isa = PBXFileReference; explicitFileType = wrapper.application; includeInIndex = 0; path = SimpleAlertExamples.app; sourceTree = BUILT_PRODUCTS_DIR; };
		17852C482130DB8900B1A20F /* AppDelegate.swift */ = {isa = PBXFileReference; lastKnownFileType = sourcecode.swift; path = AppDelegate.swift; sourceTree = "<group>"; };
		17852C4A2130DB8900B1A20F /* ViewController.swift */ = {isa = PBXFileReference; lastKnownFileType = sourcecode.swift; path = ViewController.swift; sourceTree = "<group>"; };
		17852C4D2130DB8900B1A20F /* Base */ = {isa = PBXFileReference; lastKnownFileType = file.storyboard; name = Base; path = Base.lproj/Main.storyboard; sourceTree = "<group>"; };
		17852C4F2130DB8900B1A20F /* Assets.xcassets */ = {isa = PBXFileReference; lastKnownFileType = folder.assetcatalog; path = Assets.xcassets; sourceTree = "<group>"; };
		17852C522130DB8900B1A20F /* Base */ = {isa = PBXFileReference; lastKnownFileType = file.storyboard; name = Base; path = Base.lproj/LaunchScreen.storyboard; sourceTree = "<group>"; };
		17852C542130DB8900B1A20F /* Info.plist */ = {isa = PBXFileReference; lastKnownFileType = text.plist.xml; path = Info.plist; sourceTree = "<group>"; };
		17852C5F2130DFCA00B1A20F /* SimpleAlert.framework */ = {isa = PBXFileReference; explicitFileType = wrapper.framework; path = SimpleAlert.framework; sourceTree = BUILT_PRODUCTS_DIR; };
/* End PBXFileReference section */

/* Begin PBXFrameworksBuildPhase section */
		17852C422130DB8900B1A20F /* Frameworks */ = {
			isa = PBXFrameworksBuildPhase;
			buildActionMask = 2147483647;
			files = (
				17852C5E2130DFCA00B1A20F /* SimpleAlert.framework in Frameworks */,
			);
			runOnlyForDeploymentPostprocessing = 0;
		};
/* End PBXFrameworksBuildPhase section */

/* Begin PBXGroup section */
		17852C3C2130DB8900B1A20F = {
			isa = PBXGroup;
			children = (
				17852C472130DB8900B1A20F /* SimpleAlertExamples */,
				17852C462130DB8900B1A20F /* Products */,
				17852C5D2130DFCA00B1A20F /* Frameworks */,
			);
			sourceTree = "<group>";
		};
		17852C462130DB8900B1A20F /* Products */ = {
			isa = PBXGroup;
			children = (
				17852C452130DB8900B1A20F /* SimpleAlertExamples.app */,
			);
			name = Products;
			sourceTree = "<group>";
		};
		17852C472130DB8900B1A20F /* SimpleAlertExamples */ = {
			isa = PBXGroup;
			children = (
				17852C482130DB8900B1A20F /* AppDelegate.swift */,
				17852C4A2130DB8900B1A20F /* ViewController.swift */,
				17852C4C2130DB8900B1A20F /* Main.storyboard */,
				17852C4F2130DB8900B1A20F /* Assets.xcassets */,
				17852C512130DB8900B1A20F /* LaunchScreen.storyboard */,
				17852C542130DB8900B1A20F /* Info.plist */,
			);
			path = SimpleAlertExamples;
			sourceTree = "<group>";
		};
		17852C5D2130DFCA00B1A20F /* Frameworks */ = {
			isa = PBXGroup;
			children = (
				17852C5F2130DFCA00B1A20F /* SimpleAlert.framework */,
			);
			name = Frameworks;
			sourceTree = "<group>";
		};
/* End PBXGroup section */

/* Begin PBXNativeTarget section */
		17852C442130DB8900B1A20F /* SimpleAlertExamples */ = {
			isa = PBXNativeTarget;
			buildConfigurationList = 17852C572130DB8900B1A20F /* Build configuration list for PBXNativeTarget "SimpleAlertExamples" */;
			buildPhases = (
				17852C412130DB8900B1A20F /* Sources */,
				17852C422130DB8900B1A20F /* Frameworks */,
				17852C432130DB8900B1A20F /* Resources */,
				17852C612130DFFA00B1A20F /* CopyFiles */,
			);
			buildRules = (
			);
			dependencies = (
			);
			name = SimpleAlertExamples;
			productName = SimpleAlertExamples;
			productReference = 17852C452130DB8900B1A20F /* SimpleAlertExamples.app */;
			productType = "com.apple.product-type.application";
		};
/* End PBXNativeTarget section */

/* Begin PBXProject section */
		17852C3D2130DB8900B1A20F /* Project object */ = {
			isa = PBXProject;
			attributes = {
				LastSwiftUpdateCheck = 0920;
				LastUpgradeCheck = 0920;
				ORGANIZATIONNAME = DMCApps;
				TargetAttributes = {
					17852C442130DB8900B1A20F = {
						CreatedOnToolsVersion = 9.2;
						ProvisioningStyle = Automatic;
					};
				};
			};
			buildConfigurationList = 17852C402130DB8900B1A20F /* Build configuration list for PBXProject "SimpleAlertExamples" */;
			compatibilityVersion = "Xcode 8.0";
			developmentRegion = en;
			hasScannedForEncodings = 0;
			knownRegions = (
				en,
				Base,
			);
			mainGroup = 17852C3C2130DB8900B1A20F;
			productRefGroup = 17852C462130DB8900B1A20F /* Products */;
			projectDirPath = "";
			projectRoot = "";
			targets = (
				17852C442130DB8900B1A20F /* SimpleAlertExamples */,
			);
		};
/* End PBXProject section */

/* Begin PBXResourcesBuildPhase section */
		17852C432130DB8900B1A20F /* Resources */ = {
			isa = PBXResourcesBuildPhase;
			buildActionMask = 2147483647;
			files = (
				17852C532130DB8900B1A20F /* LaunchScreen.storyboard in Resources */,
				17852C502130DB8900B1A20F /* Assets.xcassets in Resources */,
				17852C4E2130DB8900B1A20F /* Main.storyboard in Resources */,
			);
			runOnlyForDeploymentPostprocessing = 0;
		};
/* End PBXResourcesBuildPhase section */

/* Begin PBXSourcesBuildPhase section */
		17852C412130DB8900B1A20F /* Sources */ = {
			isa = PBXSourcesBuildPhase;
			buildActionMask = 2147483647;
			files = (
				17852C4B2130DB8900B1A20F /* ViewController.swift in Sources */,
				17852C492130DB8900B1A20F /* AppDelegate.swift in Sources */,
			);
			runOnlyForDeploymentPostprocessing = 0;
		};
/* End PBXSourcesBuildPhase section */

/* Begin PBXVariantGroup section */
		17852C4C2130DB8900B1A20F /* Main.storyboard */ = {
			isa = PBXVariantGroup;
			children = (
				17852C4D2130DB8900B1A20F /* Base */,
			);
			name = Main.storyboard;
			sourceTree = "<group>";
		};
		17852C512130DB8900B1A20F /* LaunchScreen.storyboard */ = {
			isa = PBXVariantGroup;
			children = (
				17852C522130DB8900B1A20F /* Base */,
			);
			name = LaunchScreen.storyboard;
			sourceTree = "<group>";
		};
/* End PBXVariantGroup section */

/* Begin XCBuildConfiguration section */
		17852C552130DB8900B1A20F /* Debug */ = {
			isa = XCBuildConfiguration;
			buildSettings = {
				ALWAYS_SEARCH_USER_PATHS = NO;
				CLANG_ANALYZER_NONNULL = YES;
				CLANG_ANALYZER_NUMBER_OBJECT_CONVERSION = YES_AGGRESSIVE;
				CLANG_CXX_LANGUAGE_STANDARD = "gnu++14";
				CLANG_CXX_LIBRARY = "libc++";
				CLANG_ENABLE_MODULES = YES;
				CLANG_ENABLE_OBJC_ARC = YES;
				CLANG_WARN_BLOCK_CAPTURE_AUTORELEASING = YES;
				CLANG_WARN_BOOL_CONVERSION = YES;
				CLANG_WARN_COMMA = YES;
				CLANG_WARN_CONSTANT_CONVERSION = YES;
				CLANG_WARN_DIRECT_OBJC_ISA_USAGE = YES_ERROR;
				CLANG_WARN_DOCUMENTATION_COMMENTS = YES;
				CLANG_WARN_EMPTY_BODY = YES;
				CLANG_WARN_ENUM_CONVERSION = YES;
				CLANG_WARN_INFINITE_RECURSION = YES;
				CLANG_WARN_INT_CONVERSION = YES;
				CLANG_WARN_NON_LITERAL_NULL_CONVERSION = YES;
				CLANG_WARN_OBJC_LITERAL_CONVERSION = YES;
				CLANG_WARN_OBJC_ROOT_CLASS = YES_ERROR;
				CLANG_WARN_RANGE_LOOP_ANALYSIS = YES;
				CLANG_WARN_STRICT_PROTOTYPES = YES;
				CLANG_WARN_SUSPICIOUS_MOVE = YES;
				CLANG_WARN_UNGUARDED_AVAILABILITY = YES_AGGRESSIVE;
				CLANG_WARN_UNREACHABLE_CODE = YES;
				CLANG_WARN__DUPLICATE_METHOD_MATCH = YES;
				CODE_SIGN_IDENTITY = "iPhone Developer";
				COPY_PHASE_STRIP = NO;
				DEBUG_INFORMATION_FORMAT = dwarf;
				ENABLE_STRICT_OBJC_MSGSEND = YES;
				ENABLE_TESTABILITY = YES;
				GCC_C_LANGUAGE_STANDARD = gnu11;
				GCC_DYNAMIC_NO_PIC = NO;
				GCC_NO_COMMON_BLOCKS = YES;
				GCC_OPTIMIZATION_LEVEL = 0;
				GCC_PREPROCESSOR_DEFINITIONS = (
					"DEBUG=1",
					"$(inherited)",
				);
				GCC_WARN_64_TO_32_BIT_CONVERSION = YES;
				GCC_WARN_ABOUT_RETURN_TYPE = YES_ERROR;
				GCC_WARN_UNDECLARED_SELECTOR = YES;
				GCC_WARN_UNINITIALIZED_AUTOS = YES_AGGRESSIVE;
				GCC_WARN_UNUSED_FUNCTION = YES;
				GCC_WARN_UNUSED_VARIABLE = YES;
				IPHONEOS_DEPLOYMENT_TARGET = 11.2;
				MTL_ENABLE_DEBUG_INFO = YES;
				ONLY_ACTIVE_ARCH = YES;
				SDKROOT = iphoneos;
				SWIFT_ACTIVE_COMPILATION_CONDITIONS = DEBUG;
				SWIFT_OPTIMIZATION_LEVEL = "-Onone";
			};
			name = Debug;
		};
		17852C562130DB8900B1A20F /* Release */ = {
			isa = XCBuildConfiguration;
			buildSettings = {
				ALWAYS_SEARCH_USER_PATHS = NO;
				CLANG_ANALYZER_NONNULL = YES;
				CLANG_ANALYZER_NUMBER_OBJECT_CONVERSION = YES_AGGRESSIVE;
				CLANG_CXX_LANGUAGE_STANDARD = "gnu++14";
				CLANG_CXX_LIBRARY = "libc++";
				CLANG_ENABLE_MODULES = YES;
				CLANG_ENABLE_OBJC_ARC = YES;
				CLANG_WARN_BLOCK_CAPTURE_AUTORELEASING = YES;
				CLANG_WARN_BOOL_CONVERSION = YES;
				CLANG_WARN_COMMA = YES;
				CLANG_WARN_CONSTANT_CONVERSION = YES;
				CLANG_WARN_DIRECT_OBJC_ISA_USAGE = YES_ERROR;
				CLANG_WARN_DOCUMENTATION_COMMENTS = YES;
				CLANG_WARN_EMPTY_BODY = YES;
				CLANG_WARN_ENUM_CONVERSION = YES;
				CLANG_WARN_INFINITE_RECURSION = YES;
				CLANG_WARN_INT_CONVERSION = YES;
				CLANG_WARN_NON_LITERAL_NULL_CONVERSION = YES;
				CLANG_WARN_OBJC_LITERAL_CONVERSION = YES;
				CLANG_WARN_OBJC_ROOT_CLASS = YES_ERROR;
				CLANG_WARN_RANGE_LOOP_ANALYSIS = YES;
				CLANG_WARN_STRICT_PROTOTYPES = YES;
				CLANG_WARN_SUSPICIOUS_MOVE = YES;
				CLANG_WARN_UNGUARDED_AVAILABILITY = YES_AGGRESSIVE;
				CLANG_WARN_UNREACHABLE_CODE = YES;
				CLANG_WARN__DUPLICATE_METHOD_MATCH = YES;
				CODE_SIGN_IDENTITY = "iPhone Developer";
				COPY_PHASE_STRIP = NO;
				DEBUG_INFORMATION_FORMAT = "dwarf-with-dsym";
				ENABLE_NS_ASSERTIONS = NO;
				ENABLE_STRICT_OBJC_MSGSEND = YES;
				GCC_C_LANGUAGE_STANDARD = gnu11;
				GCC_NO_COMMON_BLOCKS = YES;
				GCC_WARN_64_TO_32_BIT_CONVERSION = YES;
				GCC_WARN_ABOUT_RETURN_TYPE = YES_ERROR;
				GCC_WARN_UNDECLARED_SELECTOR = YES;
				GCC_WARN_UNINITIALIZED_AUTOS = YES_AGGRESSIVE;
				GCC_WARN_UNUSED_FUNCTION = YES;
				GCC_WARN_UNUSED_VARIABLE = YES;
				IPHONEOS_DEPLOYMENT_TARGET = 11.2;
				MTL_ENABLE_DEBUG_INFO = NO;
				SDKROOT = iphoneos;
				SWIFT_OPTIMIZATION_LEVEL = "-Owholemodule";
				VALIDATE_PRODUCT = YES;
			};
			name = Release;
		};
		17852C582130DB8900B1A20F /* Debug */ = {
			isa = XCBuildConfiguration;
			buildSettings = {
				ASSETCATALOG_COMPILER_APPICON_NAME = AppIcon;
				CODE_SIGN_STYLE = Automatic;
				INFOPLIST_FILE = SimpleAlertExamples/Info.plist;
				LD_RUNPATH_SEARCH_PATHS = "$(inherited) @executable_path/Frameworks";
				PRODUCT_BUNDLE_IDENTIFIER = com.dmcapps.SimpleAlertExamples;
				PRODUCT_NAME = "$(TARGET_NAME)";
				SWIFT_VERSION = 4.0;
				TARGETED_DEVICE_FAMILY = "1,2";
			};
			name = Debug;
		};
		17852C592130DB8900B1A20F /* Release */ = {
			isa = XCBuildConfiguration;
			buildSettings = {
				ASSETCATALOG_COMPILER_APPICON_NAME = AppIcon;
				CODE_SIGN_STYLE = Automatic;
				INFOPLIST_FILE = SimpleAlertExamples/Info.plist;
				LD_RUNPATH_SEARCH_PATHS = "$(inherited) @executable_path/Frameworks";
				PRODUCT_BUNDLE_IDENTIFIER = com.dmcapps.SimpleAlertExamples;
				PRODUCT_NAME = "$(TARGET_NAME)";
				SWIFT_VERSION = 4.0;
				TARGETED_DEVICE_FAMILY = "1,2";
			};
			name = Release;
		};
/* End XCBuildConfiguration section */

/* Begin XCConfigurationList section */
		17852C402130DB8900B1A20F /* Build configuration list for PBXProject "SimpleAlertExamples" */ = {
			isa = XCConfigurationList;
			buildConfigurations = (
				17852C552130DB8900B1A20F /* Debug */,
				17852C562130DB8900B1A20F /* Release */,
			);
			defaultConfigurationIsVisible = 0;
			defaultConfigurationName = Release;
		};
		17852C572130DB8900B1A20F /* Build configuration list for PBXNativeTarget "SimpleAlertExamples" */ = {
			isa = XCConfigurationList;
			buildConfigurations = (
				17852C582130DB8900B1A20F /* Debug */,
				17852C592130DB8900B1A20F /* Release */,
			);
			defaultConfigurationIsVisible = 0;
			defaultConfigurationName = Release;
		};
/* End XCConfigurationList section */
	};
	rootObject = 17852C3D2130DB8900B1A20F /* Project object */;
}
